
Microsoft Visual Studio Solution File, Format Version 12.00
# Visual Studio Version 16
VisualStudioVersion = 16.0.31624.102
MinimumVisualStudioVersion = 10.0.40219.1
Project("{FAE04EC0-301F-11D3-BF4B-00C04F79EFBC}") = "Livraria Api", "Livraria Api.csproj", "{9586C833-D363-48DA-9B94-D84EDD98FB11}"
EndProject
Global
	GlobalSection(SolutionConfigurationPlatforms) = preSolution
		Debug|Any CPU = Debug|Any CPU
		Release|Any CPU = Release|Any CPU
	EndGlobalSection
	GlobalSection(ProjectConfigurationPlatforms) = postSolution
		{9586C833-D363-48DA-9B94-D84EDD98FB11}.Debug|Any CPU.ActiveCfg = Debug|Any CPU
		{9586C833-D363-48DA-9B94-D84EDD98FB11}.Debug|Any CPU.Build.0 = Debug|Any CPU
		{9586C833-D363-48DA-9B94-D84EDD98FB11}.Release|Any CPU.ActiveCfg = Release|Any CPU
		{9586C833-D363-48DA-9B94-D84EDD98FB11}.Release|Any CPU.Build.0 = Release|Any CPU
	EndGlobalSection
	GlobalSection(SolutionProperties) = preSolution
		HideSolutionNode = FALSE
	EndGlobalSection
	GlobalSection(ExtensibilityGlobals) = postSolution
		SolutionGuid = {E6D0C8B5-675F-45A3-B163-73ECA91EDECA}
	EndGlobalSection
EndGlobal
